{
  "name": "ajs-new-project",
  "version": "1.0.0",
  "lockfileVersion": 2,
  "requires": true,
  "packages": {
    "": {
      "name": "ajs-new-project",
      "version": "1.0.0",
      "license": "ISC",
      "dependencies": {
        "@igorkoliberskiy/ajs": "^1.0.0"
      }
    },
    "node_modules/@igorkoliberskiy/ajs": {
      "version": "1.0.0",
      "resolved": "https://npm.pkg.github.com/download/@igorkoliberskiy/ajs/1.0.0/6aa0061c231edba1e196d828b87bdee4a0220ef5",
      "integrity": "sha512-KpOGfcW8qAVbwTkS2fth49RPemDuP8xlP5JfzdxhGa9/G6PUXpe/Mf/3ONHUfRj88ToyVRDgueFCwrIHM8Zx7Q==",
      "license": "ISC"
    }
  },
  "dependencies": {
    "@igorkoliberskiy/ajs": {
      "version": "1.0.0",
      "resolved": "https://npm.pkg.github.com/download/@igorkoliberskiy/ajs/1.0.0/6aa0061c231edba1e196d828b87bdee4a0220ef5",
      "integrity": "sha512-KpOGfcW8qAVbwTkS2fth49RPemDuP8xlP5JfzdxhGa9/G6PUXpe/Mf/3ONHUfRj88ToyVRDgueFCwrIHM8Zx7Q=="
    }
  }
}
